
Microsoft Visual Studio Solution File, Format Version 12.00
# Visual Studio 15
VisualStudioVersion = 15.0.26730.16
MinimumVisualStudioVersion = 10.0.40219.1
Project("{FAE04EC0-301F-11D3-BF4B-00C04F79EFBC}") = "sc01-HeightConverter", "sc01-HeightConverter\sc01-HeightConverter.csproj", "{48CACBCD-C9BE-4E18-939D-447B42398856}"
EndProject
Global
	GlobalSection(SolutionConfigurationPlatforms) = preSolution
		Debug|Any CPU = Debug|Any CPU
		Release|Any CPU = Release|Any CPU
	EndGlobalSection
	GlobalSection(ProjectConfigurationPlatforms) = postSolution
		{48CACBCD-C9BE-4E18-939D-447B42398856}.Debug|Any CPU.ActiveCfg = Debug|Any CPU
		{48CACBCD-C9BE-4E18-939D-447B42398856}.Debug|Any CPU.Build.0 = Debug|Any CPU
		{48CACBCD-C9BE-4E18-939D-447B42398856}.Debug|Any CPU.Deploy.0 = Debug|Any CPU
		{48CACBCD-C9BE-4E18-939D-447B42398856}.Release|Any CPU.ActiveCfg = Release|Any CPU
		{48CACBCD-C9BE-4E18-939D-447B42398856}.Release|Any CPU.Build.0 = Release|Any CPU
		{48CACBCD-C9BE-4E18-939D-447B42398856}.Release|Any CPU.Deploy.0 = Release|Any CPU
	EndGlobalSection
	GlobalSection(SolutionProperties) = preSolution
		HideSolutionNode = FALSE
	EndGlobalSection
	GlobalSection(ExtensibilityGlobals) = postSolution
		SolutionGuid = {095FB0C5-6BCC-45A6-A90E-247E3F0173DA}
	EndGlobalSection
EndGlobal
